
Microsoft Visual Studio Solution File, Format Version 12.00
Project("{2150E333-8FDC-42A3-9474-1A3956D46DE8}") = "src", "src", "{8FAD667E-0B61-4B76-A33B-DA602E08E095}"
EndProject
Project("{2150E333-8FDC-42A3-9474-1A3956D46DE8}") = "test", "test", "{4D8AD0EC-D6F0-466E-81FE-67E987B37FD4}"
EndProject
Project("{FAE04EC0-301F-11D3-BF4B-00C04F79EFBC}") = "StayOps.Api", "StayOps.Api\StayOps.Api.csproj", "{9C9C0677-611D-4A40-A523-25C27AC609C3}"
EndProject
Project("{FAE04EC0-301F-11D3-BF4B-00C04F79EFBC}") = "StayOps.Application", "StayOps.Application\StayOps.Application.csproj", "{A7EA14E6-521E-4668-8D3D-FF854A84363F}"
EndProject
Project("{FAE04EC0-301F-11D3-BF4B-00C04F79EFBC}") = "StayOps.Infrastructure", "StayOps.Infrastructure\StayOps.Infrastructure.csproj", "{FD5816CC-DA28-4150-A48C-729B26726CED}"
EndProject
Project("{FAE04EC0-301F-11D3-BF4B-00C04F79EFBC}") = "StayOps.Domain", "StayOps.Domain\StayOps.Domain.csproj", "{EA071906-92D7-46DA-9CC0-23A2C0907793}"
EndProject
Project("{FAE04EC0-301F-11D3-BF4B-00C04F79EFBC}") = "StayOps.Api.Tests", "StayOps.Api.Tests\StayOps.Api.Tests.csproj", "{119E0433-635B-49B6-90A0-A9195DD955EC}"
EndProject
Project("{FAE04EC0-301F-11D3-BF4B-00C04F79EFBC}") = "StayOps.Application.Tests", "StayOps.Application.Tests\StayOps.Application.Tests.csproj", "{46DD1563-D3F0-44A4-872C-3ABB29135C59}"
EndProject
Project("{FAE04EC0-301F-11D3-BF4B-00C04F79EFBC}") = "StayOps.Domain.Tests", "StayOps.Domain.Tests\StayOps.Domain.Tests.csproj", "{A464203C-8D59-4DBD-A2FE-0D2C940552DB}"
EndProject
Project("{FAE04EC0-301F-11D3-BF4B-00C04F79EFBC}") = "StayOps.Infrastructure.Tests", "StayOps.Infrastructure.Tests\StayOps.Infrastructure.Tests.csproj", "{1EFE67F7-A772-4BC8-BB15-83123A5FA6DC}"
EndProject
Global
	GlobalSection(SolutionConfigurationPlatforms) = preSolution
		Debug|Any CPU = Debug|Any CPU
		Release|Any CPU = Release|Any CPU
	EndGlobalSection
	GlobalSection(NestedProjects) = preSolution
		{9C9C0677-611D-4A40-A523-25C27AC609C3} = {8FAD667E-0B61-4B76-A33B-DA602E08E095}
		{A7EA14E6-521E-4668-8D3D-FF854A84363F} = {8FAD667E-0B61-4B76-A33B-DA602E08E095}
		{FD5816CC-DA28-4150-A48C-729B26726CED} = {8FAD667E-0B61-4B76-A33B-DA602E08E095}
		{EA071906-92D7-46DA-9CC0-23A2C0907793} = {8FAD667E-0B61-4B76-A33B-DA602E08E095}
		{119E0433-635B-49B6-90A0-A9195DD955EC} = {4D8AD0EC-D6F0-466E-81FE-67E987B37FD4}
		{46DD1563-D3F0-44A4-872C-3ABB29135C59} = {4D8AD0EC-D6F0-466E-81FE-67E987B37FD4}
		{A464203C-8D59-4DBD-A2FE-0D2C940552DB} = {4D8AD0EC-D6F0-466E-81FE-67E987B37FD4}
		{1EFE67F7-A772-4BC8-BB15-83123A5FA6DC} = {4D8AD0EC-D6F0-466E-81FE-67E987B37FD4}
	EndGlobalSection
	GlobalSection(ProjectConfigurationPlatforms) = postSolution
		{9C9C0677-611D-4A40-A523-25C27AC609C3}.Debug|Any CPU.ActiveCfg = Debug|Any CPU
		{9C9C0677-611D-4A40-A523-25C27AC609C3}.Debug|Any CPU.Build.0 = Debug|Any CPU
		{9C9C0677-611D-4A40-A523-25C27AC609C3}.Release|Any CPU.ActiveCfg = Release|Any CPU
		{9C9C0677-611D-4A40-A523-25C27AC609C3}.Release|Any CPU.Build.0 = Release|Any CPU
		{A7EA14E6-521E-4668-8D3D-FF854A84363F}.Debug|Any CPU.ActiveCfg = Debug|Any CPU
		{A7EA14E6-521E-4668-8D3D-FF854A84363F}.Debug|Any CPU.Build.0 = Debug|Any CPU
		{A7EA14E6-521E-4668-8D3D-FF854A84363F}.Release|Any CPU.ActiveCfg = Release|Any CPU
		{A7EA14E6-521E-4668-8D3D-FF854A84363F}.Release|Any CPU.Build.0 = Release|Any CPU
		{FD5816CC-DA28-4150-A48C-729B26726CED}.Debug|Any CPU.ActiveCfg = Debug|Any CPU
		{FD5816CC-DA28-4150-A48C-729B26726CED}.Debug|Any CPU.Build.0 = Debug|Any CPU
		{FD5816CC-DA28-4150-A48C-729B26726CED}.Release|Any CPU.ActiveCfg = Release|Any CPU
		{FD5816CC-DA28-4150-A48C-729B26726CED}.Release|Any CPU.Build.0 = Release|Any CPU
		{EA071906-92D7-46DA-9CC0-23A2C0907793}.Debug|Any CPU.ActiveCfg = Debug|Any CPU
		{EA071906-92D7-46DA-9CC0-23A2C0907793}.Debug|Any CPU.Build.0 = Debug|Any CPU
		{EA071906-92D7-46DA-9CC0-23A2C0907793}.Release|Any CPU.ActiveCfg = Release|Any CPU
		{EA071906-92D7-46DA-9CC0-23A2C0907793}.Release|Any CPU.Build.0 = Release|Any CPU
		{119E0433-635B-49B6-90A0-A9195DD955EC}.Debug|Any CPU.ActiveCfg = Debug|Any CPU
		{119E0433-635B-49B6-90A0-A9195DD955EC}.Debug|Any CPU.Build.0 = Debug|Any CPU
		{119E0433-635B-49B6-90A0-A9195DD955EC}.Release|Any CPU.ActiveCfg = Release|Any CPU
		{119E0433-635B-49B6-90A0-A9195DD955EC}.Release|Any CPU.Build.0 = Release|Any CPU
		{46DD1563-D3F0-44A4-872C-3ABB29135C59}.Debug|Any CPU.ActiveCfg = Debug|Any CPU
		{46DD1563-D3F0-44A4-872C-3ABB29135C59}.Debug|Any CPU.Build.0 = Debug|Any CPU
		{46DD1563-D3F0-44A4-872C-3ABB29135C59}.Release|Any CPU.ActiveCfg = Release|Any CPU
		{46DD1563-D3F0-44A4-872C-3ABB29135C59}.Release|Any CPU.Build.0 = Release|Any CPU
		{A464203C-8D59-4DBD-A2FE-0D2C940552DB}.Debug|Any CPU.ActiveCfg = Debug|Any CPU
		{A464203C-8D59-4DBD-A2FE-0D2C940552DB}.Debug|Any CPU.Build.0 = Debug|Any CPU
		{A464203C-8D59-4DBD-A2FE-0D2C940552DB}.Release|Any CPU.ActiveCfg = Release|Any CPU
		{A464203C-8D59-4DBD-A2FE-0D2C940552DB}.Release|Any CPU.Build.0 = Release|Any CPU
		{1EFE67F7-A772-4BC8-BB15-83123A5FA6DC}.Debug|Any CPU.ActiveCfg = Debug|Any CPU
		{1EFE67F7-A772-4BC8-BB15-83123A5FA6DC}.Debug|Any CPU.Build.0 = Debug|Any CPU
		{1EFE67F7-A772-4BC8-BB15-83123A5FA6DC}.Release|Any CPU.ActiveCfg = Release|Any CPU
		{1EFE67F7-A772-4BC8-BB15-83123A5FA6DC}.Release|Any CPU.Build.0 = Release|Any CPU
	EndGlobalSection
EndGlobal
